
Microsoft Visual Studio Solution File, Format Version 12.00
# Visual Studio Version 16
VisualStudioVersion = 16.0.31729.503
MinimumVisualStudioVersion = 10.0.40219.1
Project("{FAE04EC0-301F-11D3-BF4B-00C04F79EFBC}") = "Do_An_Win", "Do_An_Win\Do_An_Win.csproj", "{D2078B7B-857B-4A96-AA17-87124CE0ED0D}"
EndProject
Global
	GlobalSection(SolutionConfigurationPlatforms) = preSolution
		Debug|Any CPU = Debug|Any CPU
		Release|Any CPU = Release|Any CPU
	EndGlobalSection
	GlobalSection(ProjectConfigurationPlatforms) = postSolution
		{D2078B7B-857B-4A96-AA17-87124CE0ED0D}.Debug|Any CPU.ActiveCfg = Debug|Any CPU
		{D2078B7B-857B-4A96-AA17-87124CE0ED0D}.Debug|Any CPU.Build.0 = Debug|Any CPU
		{D2078B7B-857B-4A96-AA17-87124CE0ED0D}.Release|Any CPU.ActiveCfg = Release|Any CPU
		{D2078B7B-857B-4A96-AA17-87124CE0ED0D}.Release|Any CPU.Build.0 = Release|Any CPU
	EndGlobalSection
	GlobalSection(SolutionProperties) = preSolution
		HideSolutionNode = FALSE
	EndGlobalSection
	GlobalSection(ExtensibilityGlobals) = postSolution
		SolutionGuid = {156204D1-F068-4AC3-AA54-11391453383F}
	EndGlobalSection
EndGlobal
